
Microsoft Visual Studio Solution File, Format Version 12.00
# Visual Studio Version 16
VisualStudioVersion = 16.0.31410.357
MinimumVisualStudioVersion = 10.0.40219.1
Project("{FAE04EC0-301F-11D3-BF4B-00C04F79EFBC}") = "08052021-AdamAsmaca", "08052021-AdamAsmaca\08052021-AdamAsmaca.csproj", "{308DB324-C9D5-4E9C-8DDF-71E2814380FD}"
EndProject
Global
	GlobalSection(SolutionConfigurationPlatforms) = preSolution
		Debug|Any CPU = Debug|Any CPU
		Release|Any CPU = Release|Any CPU
	EndGlobalSection
	GlobalSection(ProjectConfigurationPlatforms) = postSolution
		{308DB324-C9D5-4E9C-8DDF-71E2814380FD}.Debug|Any CPU.ActiveCfg = Debug|Any CPU
		{308DB324-C9D5-4E9C-8DDF-71E2814380FD}.Debug|Any CPU.Build.0 = Debug|Any CPU
		{308DB324-C9D5-4E9C-8DDF-71E2814380FD}.Release|Any CPU.ActiveCfg = Release|Any CPU
		{308DB324-C9D5-4E9C-8DDF-71E2814380FD}.Release|Any CPU.Build.0 = Release|Any CPU
	EndGlobalSection
	GlobalSection(SolutionProperties) = preSolution
		HideSolutionNode = FALSE
	EndGlobalSection
	GlobalSection(ExtensibilityGlobals) = postSolution
		SolutionGuid = {017DD2A9-2B82-4B28-80D9-EBE4ED545016}
	EndGlobalSection
EndGlobal
